Microsoft Visual Studio Solution File, Format Version 12.00
# Visual Studio Version 17
VisualStudioVersion = 17.5.2.0
MinimumVisualStudioVersion = 10.0.40219.1
Project("{FAE04EC0-301F-11D3-BF4B-00C04F79EFBC}") = "BaiTapFactoryMethod", "BaiTapFactoryMethod.csproj", "{AD4A3B9B-ED1B-68A7-EDC9-0E350F66F336}"
EndProject
Global
	GlobalSection(SolutionConfigurationPlatforms) = preSolution
		Debug|Any CPU = Debug|Any CPU
		Release|Any CPU = Release|Any CPU
	EndGlobalSection
	GlobalSection(ProjectConfigurationPlatforms) = postSolution
		{AD4A3B9B-ED1B-68A7-EDC9-0E350F66F336}.Debug|Any CPU.ActiveCfg = Debug|Any CPU
		{AD4A3B9B-ED1B-68A7-EDC9-0E350F66F336}.Debug|Any CPU.Build.0 = Debug|Any CPU
		{AD4A3B9B-ED1B-68A7-EDC9-0E350F66F336}.Release|Any CPU.ActiveCfg = Release|Any CPU
		{AD4A3B9B-ED1B-68A7-EDC9-0E350F66F336}.Release|Any CPU.Build.0 = Release|Any CPU
	EndGlobalSection
	GlobalSection(SolutionProperties) = preSolution
		HideSolutionNode = FALSE
	EndGlobalSection
	GlobalSection(ExtensibilityGlobals) = postSolution
		SolutionGuid = {A384F20B-056C-430D-B762-50DE6B02E2BD}
	EndGlobalSection
EndGlobal
