
Microsoft Visual Studio Solution File, Format Version 12.00
Project("{FAE04EC0-301F-11D3-BF4B-00C04F79EFBC}") = "TestSelenium", "TestSelenium\TestSelenium.csproj", "{52792D7E-AE16-4E95-A023-2044B81B6A00}"
EndProject
Global
	GlobalSection(SolutionConfigurationPlatforms) = preSolution
		Debug|Any CPU = Debug|Any CPU
		Release|Any CPU = Release|Any CPU
	EndGlobalSection
	GlobalSection(ProjectConfigurationPlatforms) = postSolution
		{52792D7E-AE16-4E95-A023-2044B81B6A00}.Debug|Any CPU.ActiveCfg = Debug|Any CPU
		{52792D7E-AE16-4E95-A023-2044B81B6A00}.Debug|Any CPU.Build.0 = Debug|Any CPU
		{52792D7E-AE16-4E95-A023-2044B81B6A00}.Release|Any CPU.ActiveCfg = Release|Any CPU
		{52792D7E-AE16-4E95-A023-2044B81B6A00}.Release|Any CPU.Build.0 = Release|Any CPU
	EndGlobalSection
EndGlobal
